
Microsoft Visual Studio Solution File, Format Version 12.00
# Visual Studio Version 17
VisualStudioVersion = 17.5.002.0
MinimumVisualStudioVersion = 10.0.40219.1
Project("{9A19103F-16F7-4668-BE54-9A1E7A4F7556}") = "SistemaDeBarbeariaBack", "SistemaDeBarbeariaBack.csproj", "{F509D6F8-1B9B-4DE2-8D8B-4E08C21A049A}"
EndProject
Global
	GlobalSection(SolutionConfigurationPlatforms) = preSolution
		Debug|Any CPU = Debug|Any CPU
		Release|Any CPU = Release|Any CPU
	EndGlobalSection
	GlobalSection(ProjectConfigurationPlatforms) = postSolution
		{F509D6F8-1B9B-4DE2-8D8B-4E08C21A049A}.Debug|Any CPU.ActiveCfg = Debug|Any CPU
		{F509D6F8-1B9B-4DE2-8D8B-4E08C21A049A}.Debug|Any CPU.Build.0 = Debug|Any CPU
		{F509D6F8-1B9B-4DE2-8D8B-4E08C21A049A}.Release|Any CPU.ActiveCfg = Release|Any CPU
		{F509D6F8-1B9B-4DE2-8D8B-4E08C21A049A}.Release|Any CPU.Build.0 = Release|Any CPU
	EndGlobalSection
	GlobalSection(SolutionProperties) = preSolution
		HideSolutionNode = FALSE
	EndGlobalSection
	GlobalSection(ExtensibilityGlobals) = postSolution
		SolutionGuid = {38FA3B63-A392-474B-86BC-96ABC7DC779A}
	EndGlobalSection
EndGlobal
